
Microsoft Visual Studio Solution File, Format Version 12.00
# Visual Studio Version 16
VisualStudioVersion = 16.0.32802.440
MinimumVisualStudioVersion = 10.0.40219.1
Project("{FAE04EC0-301F-11D3-BF4B-00C04F79EFBC}") = "xlsxMerge", "xlsxMerge\xlsxMerge.csproj", "{AB745BA2-6E5B-4A09-9326-7D3EF1F15F4D}"
EndProject
Global
	GlobalSection(SolutionConfigurationPlatforms) = preSolution
		Debug|Any CPU = Debug|Any CPU
		Release|Any CPU = Release|Any CPU
	EndGlobalSection
	GlobalSection(ProjectConfigurationPlatforms) = postSolution
		{AB745BA2-6E5B-4A09-9326-7D3EF1F15F4D}.Debug|Any CPU.ActiveCfg = Debug|Any CPU
		{AB745BA2-6E5B-4A09-9326-7D3EF1F15F4D}.Debug|Any CPU.Build.0 = Debug|Any CPU
		{AB745BA2-6E5B-4A09-9326-7D3EF1F15F4D}.Release|Any CPU.ActiveCfg = Release|Any CPU
		{AB745BA2-6E5B-4A09-9326-7D3EF1F15F4D}.Release|Any CPU.Build.0 = Release|Any CPU
	EndGlobalSection
	GlobalSection(SolutionProperties) = preSolution
		HideSolutionNode = FALSE
	EndGlobalSection
	GlobalSection(ExtensibilityGlobals) = postSolution
		SolutionGuid = {6BEFBA96-D7F8-4AEB-A3D0-5CC2385308C0}
	EndGlobalSection
EndGlobal
